// !$*UTF8*$!
{
	archiveVersion = 1;
	classes = {
	};
	objectVersion = 56;
	objects = {

/* Begin PBXBuildFile section */
		B0EB59CB2B3B59C600BF193C /* ContactListSwiftUIApp.swift in Sources */ = {isa = PBXBuildFile; fileRef = B0EB59CA2B3B59C600BF193C /* ContactListSwiftUIApp.swift */; };
		B0EB59CD2B3B59C600BF193C /* ContentView.swift in Sources */ = {isa = PBXBuildFile; fileRef = B0EB59CC2B3B59C600BF193C /* ContentView.swift */; };
		B0EB59CF2B3B59C800BF193C /* Assets.xcassets in Resources */ = {isa = PBXBuildFile; fileRef = B0EB59CE2B3B59C800BF193C /* Assets.xcassets */; };
		B0EB59D22B3B59C800BF193C /* Preview Assets.xcassets in Resources */ = {isa = PBXBuildFile; fileRef = B0EB59D12B3B59C800BF193C /* Preview Assets.xcassets */; };
		B0EB59DB2B3B5A6700BF193C /* DataStore.swift in Sources */ = {isa = PBXBuildFile; fileRef = B0EB59DA2B3B5A6700BF193C /* DataStore.swift */; };
		B0EB59DD2B3B5A7700BF193C /* Person.swift in Sources */ = {isa = PBXBuildFile; fileRef = B0EB59DC2B3B5A7700BF193C /* Person.swift */; };
		B0EB59E42B3B5D2D00BF193C /* HomeContactsView.swift in Sources */ = {isa = PBXBuildFile; fileRef = B0EB59E32B3B5D2D00BF193C /* HomeContactsView.swift */; };
		B0EB59E62B3B5D5800BF193C /* NumbersListView.swift in Sources */ = {isa = PBXBuildFile; fileRef = B0EB59E52B3B5D5800BF193C /* NumbersListView.swift */; };
		B0EB59E82B3B5D6C00BF193C /* MoreInfoAboutContactsView.swift in Sources */ = {isa = PBXBuildFile; fileRef = B0EB59E72B3B5D6C00BF193C /* MoreInfoAboutContactsView.swift */; };
/* End PBXBuildFile section */

/* Begin PBXFileReference section */
		B0EB59C72B3B59C600BF193C /* ContactListSwiftUI.app */ = {isa = PBXFileReference; explicitFileType = wrapper.application; includeInIndex = 0; path = ContactListSwiftUI.app; sourceTree = BUILT_PRODUCTS_DIR; };
		B0EB59CA2B3B59C600BF193C /* ContactListSwiftUIApp.swift */ = {isa = PBXFileReference; lastKnownFileType = sourcecode.swift; path = ContactListSwiftUIApp.swift; sourceTree = "<group>"; };
		B0EB59CC2B3B59C600BF193C /* ContentView.swift */ = {isa = PBXFileReference; lastKnownFileType = sourcecode.swift; path = ContentView.swift; sourceTree = "<group>"; };
		B0EB59CE2B3B59C800BF193C /* Assets.xcassets */ = {isa = PBXFileReference; lastKnownFileType = folder.assetcatalog; path = Assets.xcassets; sourceTree = "<group>"; };
		B0EB59D12B3B59C800BF193C /* Preview Assets.xcassets */ = {isa = PBXFileReference; lastKnownFileType = folder.assetcatalog; path = "Preview Assets.xcassets"; sourceTree = "<group>"; };
		B0EB59DA2B3B5A6700BF193C /* DataStore.swift */ = {isa = PBXFileReference; lastKnownFileType = sourcecode.swift; path = DataStore.swift; sourceTree = "<group>"; };
		B0EB59DC2B3B5A7700BF193C /* Person.swift */ = {isa = PBXFileReference; lastKnownFileType = sourcecode.swift; path = Person.swift; sourceTree = "<group>"; };
		B0EB59E32B3B5D2D00BF193C /* HomeContactsView.swift */ = {isa = PBXFileReference; lastKnownFileType = sourcecode.swift; path = HomeContactsView.swift; sourceTree = "<group>"; };
		B0EB59E52B3B5D5800BF193C /* NumbersListView.swift */ = {isa = PBXFileReference; lastKnownFileType = sourcecode.swift; path = NumbersListView.swift; sourceTree = "<group>"; };
		B0EB59E72B3B5D6C00BF193C /* MoreInfoAboutContactsView.swift */ = {isa = PBXFileReference; lastKnownFileType = sourcecode.swift; path = MoreInfoAboutContactsView.swift; sourceTree = "<group>"; };
/* End PBXFileReference section */

/* Begin PBXFrameworksBuildPhase section */
		B0EB59C42B3B59C600BF193C /* Frameworks */ = {
			isa = PBXFrameworksBuildPhase;
			buildActionMask = 2147483647;
			files = (
			);
			runOnlyForDeploymentPostprocessing = 0;
		};
/* End PBXFrameworksBuildPhase section */

/* Begin PBXGroup section */
		B0EB59BE2B3B59C600BF193C = {
			isa = PBXGroup;
			children = (
				B0EB59C92B3B59C600BF193C /* ContactListSwiftUI */,
				B0EB59C82B3B59C600BF193C /* Products */,
			);
			sourceTree = "<group>";
		};
		B0EB59C82B3B59C600BF193C /* Products */ = {
			isa = PBXGroup;
			children = (
				B0EB59C72B3B59C600BF193C /* ContactListSwiftUI.app */,
			);
			name = Products;
			sourceTree = "<group>";
		};
		B0EB59C92B3B59C600BF193C /* ContactListSwiftUI */ = {
			isa = PBXGroup;
			children = (
				B0EB59CA2B3B59C600BF193C /* ContactListSwiftUIApp.swift */,
				B0EB59E02B3B5C9200BF193C /* Views */,
				B0EB59DF2B3B5BCC00BF193C /* Services */,
				B0EB59DE2B3B5A8900BF193C /* Models */,
				B0EB59CE2B3B59C800BF193C /* Assets.xcassets */,
				B0EB59D02B3B59C800BF193C /* Preview Content */,
			);
			path = ContactListSwiftUI;
			sourceTree = "<group>";
		};
		B0EB59D02B3B59C800BF193C /* Preview Content */ = {
			isa = PBXGroup;
			children = (
				B0EB59D12B3B59C800BF193C /* Preview Assets.xcassets */,
			);
			path = "Preview Content";
			sourceTree = "<group>";
		};
		B0EB59DE2B3B5A8900BF193C /* Models */ = {
			isa = PBXGroup;
			children = (
				B0EB59DC2B3B5A7700BF193C /* Person.swift */,
			);
			path = Models;
			sourceTree = "<group>";
		};
		B0EB59DF2B3B5BCC00BF193C /* Services */ = {
			isa = PBXGroup;
			children = (
				B0EB59DA2B3B5A6700BF193C /* DataStore.swift */,
			);
			path = Services;
			sourceTree = "<group>";
		};
		B0EB59E02B3B5C9200BF193C /* Views */ = {
			isa = PBXGroup;
			children = (
				B0EB59CC2B3B59C600BF193C /* ContentView.swift */,
				B0EB59E32B3B5D2D00BF193C /* HomeContactsView.swift */,
				B0EB59E52B3B5D5800BF193C /* NumbersListView.swift */,
				B0EB59E72B3B5D6C00BF193C /* MoreInfoAboutContactsView.swift */,
			);
			path = Views;
			sourceTree = "<group>";
		};
/* End PBXGroup section */

/* Begin PBXNativeTarget section */
		B0EB59C62B3B59C600BF193C /* ContactListSwiftUI */ = {
			isa = PBXNativeTarget;
			buildConfigurationList = B0EB59D52B3B59C800BF193C /* Build configuration list for PBXNativeTarget "ContactListSwiftUI" */;
			buildPhases = (
				B0EB59C32B3B59C600BF193C /* Sources */,
				B0EB59C42B3B59C600BF193C /* Frameworks */,
				B0EB59C52B3B59C600BF193C /* Resources */,
			);
			buildRules = (
			);
			dependencies = (
			);
			name = ContactListSwiftUI;
			productName = ContactListSwiftUI;
			productReference = B0EB59C72B3B59C600BF193C /* ContactListSwiftUI.app */;
			productType = "com.apple.product-type.application";
		};
/* End PBXNativeTarget section */

/* Begin PBXProject section */
		B0EB59BF2B3B59C600BF193C /* Project object */ = {
			isa = PBXProject;
			attributes = {
				BuildIndependentTargetsInParallel = 1;
				LastSwiftUpdateCheck = 1500;
				LastUpgradeCheck = 1500;
				TargetAttributes = {
					B0EB59C62B3B59C600BF193C = {
						CreatedOnToolsVersion = 15.0.1;
					};
				};
			};
			buildConfigurationList = B0EB59C22B3B59C600BF193C /* Build configuration list for PBXProject "ContactListSwiftUI" */;
			compatibilityVersion = "Xcode 14.0";
			developmentRegion = en;
			hasScannedForEncodings = 0;
			knownRegions = (
				en,
				Base,
			);
			mainGroup = B0EB59BE2B3B59C600BF193C;
			productRefGroup = B0EB59C82B3B59C600BF193C /* Products */;
			projectDirPath = "";
			projectRoot = "";
			targets = (
				B0EB59C62B3B59C600BF193C /* ContactListSwiftUI */,
			);
		};
/* End PBXProject section */

/* Begin PBXResourcesBuildPhase section */
		B0EB59C52B3B59C600BF193C /* Resources */ = {
			isa = PBXResourcesBuildPhase;
			buildActionMask = 2147483647;
			files = (
				B0EB59D22B3B59C800BF193C /* Preview Assets.xcassets in Resources */,
				B0EB59CF2B3B59C800BF193C /* Assets.xcassets in Resources */,
			);
			runOnlyForDeploymentPostprocessing = 0;
		};
/* End PBXResourcesBuildPhase section */

/* Begin PBXSourcesBuildPhase section */
		B0EB59C32B3B59C600BF193C /* Sources */ = {
			isa = PBXSourcesBuildPhase;
			buildActionMask = 2147483647;
			files = (
				B0EB59CD2B3B59C600BF193C /* ContentView.swift in Sources */,
				B0EB59E82B3B5D6C00BF193C /* MoreInfoAboutContactsView.swift in Sources */,
				B0EB59DB2B3B5A6700BF193C /* DataStore.swift in Sources */,
				B0EB59DD2B3B5A7700BF193C /* Person.swift in Sources */,
				B0EB59E62B3B5D5800BF193C /* NumbersListView.swift in Sources */,
				B0EB59E42B3B5D2D00BF193C /* HomeContactsView.swift in Sources */,
				B0EB59CB2B3B59C600BF193C /* ContactListSwiftUIApp.swift in Sources */,
			);
			runOnlyForDeploymentPostprocessing = 0;
		};
/* End PBXSourcesBuildPhase section */

/* Begin XCBuildConfiguration section */
		B0EB59D32B3B59C800BF193C /* Debug */ = {
			isa = XCBuildConfiguration;
			buildSettings = {
				ALWAYS_SEARCH_USER_PATHS = NO;
				ASSETCATALOG_COMPILER_GENERATE_SWIFT_ASSET_SYMBOL_EXTENSIONS = YES;
				CLANG_ANALYZER_NONNULL = YES;
				CLANG_ANALYZER_NUMBER_OBJECT_CONVERSION = YES_AGGRESSIVE;
				CLANG_CXX_LANGUAGE_STANDARD = "gnu++20";
				CLANG_ENABLE_MODULES = YES;
				CLANG_ENABLE_OBJC_ARC = YES;
				CLANG_ENABLE_OBJC_WEAK = YES;
				CLANG_WARN_BLOCK_CAPTURE_AUTORELEASING = YES;
				CLANG_WARN_BOOL_CONVERSION = YES;
				CLANG_WARN_COMMA = YES;
				CLANG_WARN_CONSTANT_CONVERSION = YES;
				CLANG_WARN_DEPRECATED_OBJC_IMPLEMENTATIONS = YES;
				CLANG_WARN_DIRECT_OBJC_ISA_USAGE = YES_ERROR;
				CLANG_WARN_DOCUMENTATION_COMMENTS = YES;
				CLANG_WARN_EMPTY_BODY = YES;
				CLANG_WARN_ENUM_CONVERSION = YES;
				CLANG_WARN_INFINITE_RECURSION = YES;
				CLANG_WARN_INT_CONVERSION = YES;
				CLANG_WARN_NON_LITERAL_NULL_CONVERSION = YES;
				CLANG_WARN_OBJC_IMPLICIT_RETAIN_SELF = YES;
				CLANG_WARN_OBJC_LITERAL_CONVERSION = YES;
				CLANG_WARN_OBJC_ROOT_CLASS = YES_ERROR;
				CLANG_WARN_QUOTED_INCLUDE_IN_FRAMEWORK_HEADER = YES;
				CLANG_WARN_RANGE_LOOP_ANALYSIS = YES;
				CLANG_WARN_STRICT_PROTOTYPES = YES;
				CLANG_WARN_SUSPICIOUS_MOVE = YES;
				CLANG_WARN_UNGUARDED_AVAILABILITY = YES_AGGRESSIVE;
				CLANG_WARN_UNREACHABLE_CODE = YES;
				CLANG_WARN__DUPLICATE_METHOD_MATCH = YES;
				COPY_PHASE_STRIP = NO;
				DEBUG_INFORMATION_FORMAT = dwarf;
				ENABLE_STRICT_OBJC_MSGSEND = YES;
				ENABLE_TESTABILITY = YES;
				ENABLE_USER_SCRIPT_SANDBOXING = YES;
				GCC_C_LANGUAGE_STANDARD = gnu17;
				GCC_DYNAMIC_NO_PIC = NO;
				GCC_NO_COMMON_BLOCKS = YES;
				GCC_OPTIMIZATION_LEVEL = 0;
				GCC_PREPROCESSOR_DEFINITIONS = (
					"DEBUG=1",
					"$(inherited)",
				);
				GCC_WARN_64_TO_32_BIT_CONVERSION = YES;
				GCC_WARN_ABOUT_RETURN_TYPE = YES_ERROR;
				GCC_WARN_UNDECLARED_SELECTOR = YES;
				GCC_WARN_UNINITIALIZED_AUTOS = YES_AGGRESSIVE;
				GCC_WARN_UNUSED_FUNCTION = YES;
				GCC_WARN_UNUSED_VARIABLE = YES;
				IPHONEOS_DEPLOYMENT_TARGET = 17.0;
				LOCALIZATION_PREFERS_STRING_CATALOGS = YES;
				MTL_ENABLE_DEBUG_INFO = INCLUDE_SOURCE;
				MTL_FAST_MATH = YES;
				ONLY_ACTIVE_ARCH = YES;
				SDKROOT = iphoneos;
				SWIFT_ACTIVE_COMPILATION_CONDITIONS = "DEBUG $(inherited)";
				SWIFT_OPTIMIZATION_LEVEL = "-Onone";
			};
			name = Debug;
		};
		B0EB59D42B3B59C800BF193C /* Release */ = {
			isa = XCBuildConfiguration;
			buildSettings = {
				ALWAYS_SEARCH_USER_PATHS = NO;
				ASSETCATALOG_COMPILER_GENERATE_SWIFT_ASSET_SYMBOL_EXTENSIONS = YES;
				CLANG_ANALYZER_NONNULL = YES;
				CLANG_ANALYZER_NUMBER_OBJECT_CONVERSION = YES_AGGRESSIVE;
				CLANG_CXX_LANGUAGE_STANDARD = "gnu++20";
				CLANG_ENABLE_MODULES = YES;
				CLANG_ENABLE_OBJC_ARC = YES;
				CLANG_ENABLE_OBJC_WEAK = YES;
				CLANG_WARN_BLOCK_CAPTURE_AUTORELEASING = YES;
				CLANG_WARN_BOOL_CONVERSION = YES;
				CLANG_WARN_COMMA = YES;
				CLANG_WARN_CONSTANT_CONVERSION = YES;
				CLANG_WARN_DEPRECATED_OBJC_IMPLEMENTATIONS = YES;
				CLANG_WARN_DIRECT_OBJC_ISA_USAGE = YES_ERROR;
				CLANG_WARN_DOCUMENTATION_COMMENTS = YES;
				CLANG_WARN_EMPTY_BODY = YES;
				CLANG_WARN_ENUM_CONVERSION = YES;
				CLANG_WARN_INFINITE_RECURSION = YES;
				CLANG_WARN_INT_CONVERSION = YES;
				CLANG_WARN_NON_LITERAL_NULL_CONVERSION = YES;
				CLANG_WARN_OBJC_IMPLICIT_RETAIN_SELF = YES;
				CLANG_WARN_OBJC_LITERAL_CONVERSION = YES;
				CLANG_WARN_OBJC_ROOT_CLASS = YES_ERROR;
				CLANG_WARN_QUOTED_INCLUDE_IN_FRAMEWORK_HEADER = YES;
				CLANG_WARN_RANGE_LOOP_ANALYSIS = YES;
				CLANG_WARN_STRICT_PROTOTYPES = YES;
				CLANG_WARN_SUSPICIOUS_MOVE = YES;
				CLANG_WARN_UNGUARDED_AVAILABILITY = YES_AGGRESSIVE;
				CLANG_WARN_UNREACHABLE_CODE = YES;
				CLANG_WARN__DUPLICATE_METHOD_MATCH = YES;
				COPY_PHASE_STRIP = NO;
				DEBUG_INFORMATION_FORMAT = "dwarf-with-dsym";
				ENABLE_NS_ASSERTIONS = NO;
				ENABLE_STRICT_OBJC_MSGSEND = YES;
				ENABLE_USER_SCRIPT_SANDBOXING = YES;
				GCC_C_LANGUAGE_STANDARD = gnu17;
				GCC_NO_COMMON_BLOCKS = YES;
				GCC_WARN_64_TO_32_BIT_CONVERSION = YES;
				GCC_WARN_ABOUT_RETURN_TYPE = YES_ERROR;
				GCC_WARN_UNDECLARED_SELECTOR = YES;
				GCC_WARN_UNINITIALIZED_AUTOS = YES_AGGRESSIVE;
				GCC_WARN_UNUSED_FUNCTION = YES;
				GCC_WARN_UNUSED_VARIABLE = YES;
				IPHONEOS_DEPLOYMENT_TARGET = 17.0;
				LOCALIZATION_PREFERS_STRING_CATALOGS = YES;
				MTL_ENABLE_DEBUG_INFO = NO;
				MTL_FAST_MATH = YES;
				SDKROOT = iphoneos;
				SWIFT_COMPILATION_MODE = wholemodule;
				VALIDATE_PRODUCT = YES;
			};
			name = Release;
		};
		B0EB59D62B3B59C800BF193C /* Debug */ = {
			isa = XCBuildConfiguration;
			buildSettings = {
				ASSETCATALOG_COMPILER_APPICON_NAME = AppIcon;
				ASSETCATALOG_COMPILER_GLOBAL_ACCENT_COLOR_NAME = AccentColor;
				CODE_SIGN_STYLE = Automatic;
				CURRENT_PROJECT_VERSION = 1;
				DEVELOPMENT_ASSET_PATHS = "\"ContactListSwiftUI/Preview Content\"";
				ENABLE_PREVIEWS = YES;
				GENERATE_INFOPLIST_FILE = YES;
				INFOPLIST_KEY_UIApplicationSceneManifest_Generation = YES;
				INFOPLIST_KEY_UIApplicationSupportsIndirectInputEvents = YES;
				INFOPLIST_KEY_UILaunchScreen_Generation = YES;
				INFOPLIST_KEY_UISupportedInterfaceOrientations_iPad = "UIInterfaceOrientationPortrait UIInterfaceOrientationPortraitUpsideDown UIInterfaceOrientationLandscapeLeft UIInterfaceOrientationLandscapeRight";
				INFOPLIST_KEY_UISupportedInterfaceOrientations_iPhone = "UIInterfaceOrientationPortrait UIInterfaceOrientationLandscapeLeft UIInterfaceOrientationLandscapeRight";
				LD_RUNPATH_SEARCH_PATHS = (
					"$(inherited)",
					"@executable_path/Frameworks",
				);
				MARKETING_VERSION = 1.0;
				PRODUCT_BUNDLE_IDENTIFIER = swiftbook.ru.ContactListSwiftUI;
				PRODUCT_NAME = "$(TARGET_NAME)";
				SWIFT_EMIT_LOC_STRINGS = YES;
				SWIFT_VERSION = 5.0;
				TARGETED_DEVICE_FAMILY = "1,2";
			};
			name = Debug;
		};
		B0EB59D72B3B59C800BF193C /* Release */ = {
			isa = XCBuildConfiguration;
			buildSettings = {
				ASSETCATALOG_COMPILER_APPICON_NAME = AppIcon;
				ASSETCATALOG_COMPILER_GLOBAL_ACCENT_COLOR_NAME = AccentColor;
				CODE_SIGN_STYLE = Automatic;
				CURRENT_PROJECT_VERSION = 1;
				DEVELOPMENT_ASSET_PATHS = "\"ContactListSwiftUI/Preview Content\"";
				ENABLE_PREVIEWS = YES;
				GENERATE_INFOPLIST_FILE = YES;
				INFOPLIST_KEY_UIApplicationSceneManifest_Generation = YES;
				INFOPLIST_KEY_UIApplicationSupportsIndirectInputEvents = YES;
				INFOPLIST_KEY_UILaunchScreen_Generation = YES;
				INFOPLIST_KEY_UISupportedInterfaceOrientations_iPad = "UIInterfaceOrientationPortrait UIInterfaceOrientationPortraitUpsideDown UIInterfaceOrientationLandscapeLeft UIInterfaceOrientationLandscapeRight";
				INFOPLIST_KEY_UISupportedInterfaceOrientations_iPhone = "UIInterfaceOrientationPortrait UIInterfaceOrientationLandscapeLeft UIInterfaceOrientationLandscapeRight";
				LD_RUNPATH_SEARCH_PATHS = (
					"$(inherited)",
					"@executable_path/Frameworks",
				);
				MARKETING_VERSION = 1.0;
				PRODUCT_BUNDLE_IDENTIFIER = swiftbook.ru.ContactListSwiftUI;
				PRODUCT_NAME = "$(TARGET_NAME)";
				SWIFT_EMIT_LOC_STRINGS = YES;
				SWIFT_VERSION = 5.0;
				TARGETED_DEVICE_FAMILY = "1,2";
			};
			name = Release;
		};
/* End XCBuildConfiguration section */

/* Begin XCConfigurationList section */
		B0EB59C22B3B59C600BF193C /* Build configuration list for PBXProject "ContactListSwiftUI" */ = {
			isa = XCConfigurationList;
			buildConfigurations = (
				B0EB59D32B3B59C800BF193C /* Debug */,
				B0EB59D42B3B59C800BF193C /* Release */,
			);
			defaultConfigurationIsVisible = 0;
			defaultConfigurationName = Release;
		};
		B0EB59D52B3B59C800BF193C /* Build configuration list for PBXNativeTarget "ContactListSwiftUI" */ = {
			isa = XCConfigurationList;
			buildConfigurations = (
				B0EB59D62B3B59C800BF193C /* Debug */,
				B0EB59D72B3B59C800BF193C /* Release */,
			);
			defaultConfigurationIsVisible = 0;
			defaultConfigurationName = Release;
		};
/* End XCConfigurationList section */
	};
	rootObject = B0EB59BF2B3B59C600BF193C /* Project object */;
}
